
Microsoft Visual Studio Solution File, Format Version 12.00
# Visual Studio Version 18
VisualStudioVersion = 18.0.11005.162 d18.0
MinimumVisualStudioVersion = 10.0.40219.1
Project("{FAE04EC0-301F-11D3-BF4B-00C04F79EFBC}") = "DynamicEvaluator", "DynamicEvaluator\DynamicEvaluator.csproj", "{BC622D0E-330D-48C9-9C76-C349E3BA46F9}"
EndProject
Project("{FAE04EC0-301F-11D3-BF4B-00C04F79EFBC}") = "DynamicEvaluator.Tests", "DynamicEvaluator.Tests\DynamicEvaluator.Tests.csproj", "{9FCFF958-33B4-4BFD-A768-0E30195F3DA2}"
EndProject
Project("{2150E333-8FDC-42A3-9474-1A3956D46DE8}") = "Others", "Others", "{02EA681E-C7D8-13C7-8484-4AC65E1B71E8}"
	ProjectSection(SolutionItems) = preProject
		.editorconfig = .editorconfig
		.github\workflows\dotnet.yml = .github\workflows\dotnet.yml
		Readme.md = Readme.md
	EndProjectSection
EndProject
Project("{FAE04EC0-301F-11D3-BF4B-00C04F79EFBC}") = "EngineerCalc", "EngineerCalc\EngineerCalc.csproj", "{54B5B088-2337-4392-96C9-B0A7BD59469F}"
EndProject
Project("{FAE04EC0-301F-11D3-BF4B-00C04F79EFBC}") = "EngineerCalc.Tests", "EngineerCalc.Tests\EngineerCalc.Tests.csproj", "{34706B17-BE63-9618-6EC4-0AE84C74DF1C}"
EndProject
Project("{2150E333-8FDC-42A3-9474-1A3956D46DE8}") = "Tests", "Tests", "{0AB3BF05-4346-4AA6-1389-037BE0695223}"
EndProject
Global
	GlobalSection(SolutionConfigurationPlatforms) = preSolution
		Debug|Any CPU = Debug|Any CPU
		Debug|x64 = Debug|x64
		Debug|x86 = Debug|x86
		Release|Any CPU = Release|Any CPU
		Release|x64 = Release|x64
		Release|x86 = Release|x86
	EndGlobalSection
	GlobalSection(ProjectConfigurationPlatforms) = postSolution
		{BC622D0E-330D-48C9-9C76-C349E3BA46F9}.Debug|Any CPU.ActiveCfg = Debug|Any CPU
		{BC622D0E-330D-48C9-9C76-C349E3BA46F9}.Debug|Any CPU.Build.0 = Debug|Any CPU
		{BC622D0E-330D-48C9-9C76-C349E3BA46F9}.Debug|x64.ActiveCfg = Debug|Any CPU
		{BC622D0E-330D-48C9-9C76-C349E3BA46F9}.Debug|x64.Build.0 = Debug|Any CPU
		{BC622D0E-330D-48C9-9C76-C349E3BA46F9}.Debug|x86.ActiveCfg = Debug|Any CPU
		{BC622D0E-330D-48C9-9C76-C349E3BA46F9}.Debug|x86.Build.0 = Debug|Any CPU
		{BC622D0E-330D-48C9-9C76-C349E3BA46F9}.Release|Any CPU.ActiveCfg = Release|Any CPU
		{BC622D0E-330D-48C9-9C76-C349E3BA46F9}.Release|Any CPU.Build.0 = Release|Any CPU
		{BC622D0E-330D-48C9-9C76-C349E3BA46F9}.Release|x64.ActiveCfg = Release|Any CPU
		{BC622D0E-330D-48C9-9C76-C349E3BA46F9}.Release|x64.Build.0 = Release|Any CPU
		{BC622D0E-330D-48C9-9C76-C349E3BA46F9}.Release|x86.ActiveCfg = Release|Any CPU
		{BC622D0E-330D-48C9-9C76-C349E3BA46F9}.Release|x86.Build.0 = Release|Any CPU
		{9FCFF958-33B4-4BFD-A768-0E30195F3DA2}.Debug|Any CPU.ActiveCfg = Debug|Any CPU
		{9FCFF958-33B4-4BFD-A768-0E30195F3DA2}.Debug|Any CPU.Build.0 = Debug|Any CPU
		{9FCFF958-33B4-4BFD-A768-0E30195F3DA2}.Debug|x64.ActiveCfg = Debug|Any CPU
		{9FCFF958-33B4-4BFD-A768-0E30195F3DA2}.Debug|x64.Build.0 = Debug|Any CPU
		{9FCFF958-33B4-4BFD-A768-0E30195F3DA2}.Debug|x86.ActiveCfg = Debug|Any CPU
		{9FCFF958-33B4-4BFD-A768-0E30195F3DA2}.Debug|x86.Build.0 = Debug|Any CPU
		{9FCFF958-33B4-4BFD-A768-0E30195F3DA2}.Release|Any CPU.ActiveCfg = Release|Any CPU
		{9FCFF958-33B4-4BFD-A768-0E30195F3DA2}.Release|Any CPU.Build.0 = Release|Any CPU
		{9FCFF958-33B4-4BFD-A768-0E30195F3DA2}.Release|x64.ActiveCfg = Release|Any CPU
		{9FCFF958-33B4-4BFD-A768-0E30195F3DA2}.Release|x64.Build.0 = Release|Any CPU
		{9FCFF958-33B4-4BFD-A768-0E30195F3DA2}.Release|x86.ActiveCfg = Release|Any CPU
		{9FCFF958-33B4-4BFD-A768-0E30195F3DA2}.Release|x86.Build.0 = Release|Any CPU
		{54B5B088-2337-4392-96C9-B0A7BD59469F}.Debug|Any CPU.ActiveCfg = Debug|Any CPU
		{54B5B088-2337-4392-96C9-B0A7BD59469F}.Debug|Any CPU.Build.0 = Debug|Any CPU
		{54B5B088-2337-4392-96C9-B0A7BD59469F}.Debug|x64.ActiveCfg = Debug|Any CPU
		{54B5B088-2337-4392-96C9-B0A7BD59469F}.Debug|x64.Build.0 = Debug|Any CPU
		{54B5B088-2337-4392-96C9-B0A7BD59469F}.Debug|x86.ActiveCfg = Debug|Any CPU
		{54B5B088-2337-4392-96C9-B0A7BD59469F}.Debug|x86.Build.0 = Debug|Any CPU
		{54B5B088-2337-4392-96C9-B0A7BD59469F}.Release|Any CPU.ActiveCfg = Release|Any CPU
		{54B5B088-2337-4392-96C9-B0A7BD59469F}.Release|Any CPU.Build.0 = Release|Any CPU
		{54B5B088-2337-4392-96C9-B0A7BD59469F}.Release|x64.ActiveCfg = Release|Any CPU
		{54B5B088-2337-4392-96C9-B0A7BD59469F}.Release|x64.Build.0 = Release|Any CPU
		{54B5B088-2337-4392-96C9-B0A7BD59469F}.Release|x86.ActiveCfg = Release|Any CPU
		{54B5B088-2337-4392-96C9-B0A7BD59469F}.Release|x86.Build.0 = Release|Any CPU
		{34706B17-BE63-9618-6EC4-0AE84C74DF1C}.Debug|Any CPU.ActiveCfg = Debug|Any CPU
		{34706B17-BE63-9618-6EC4-0AE84C74DF1C}.Debug|Any CPU.Build.0 = Debug|Any CPU
		{34706B17-BE63-9618-6EC4-0AE84C74DF1C}.Debug|x64.ActiveCfg = Debug|Any CPU
		{34706B17-BE63-9618-6EC4-0AE84C74DF1C}.Debug|x64.Build.0 = Debug|Any CPU
		{34706B17-BE63-9618-6EC4-0AE84C74DF1C}.Debug|x86.ActiveCfg = Debug|Any CPU
		{34706B17-BE63-9618-6EC4-0AE84C74DF1C}.Debug|x86.Build.0 = Debug|Any CPU
		{34706B17-BE63-9618-6EC4-0AE84C74DF1C}.Release|Any CPU.ActiveCfg = Release|Any CPU
		{34706B17-BE63-9618-6EC4-0AE84C74DF1C}.Release|Any CPU.Build.0 = Release|Any CPU
		{34706B17-BE63-9618-6EC4-0AE84C74DF1C}.Release|x64.ActiveCfg = Release|Any CPU
		{34706B17-BE63-9618-6EC4-0AE84C74DF1C}.Release|x64.Build.0 = Release|Any CPU
		{34706B17-BE63-9618-6EC4-0AE84C74DF1C}.Release|x86.ActiveCfg = Release|Any CPU
		{34706B17-BE63-9618-6EC4-0AE84C74DF1C}.Release|x86.Build.0 = Release|Any CPU
	EndGlobalSection
	GlobalSection(SolutionProperties) = preSolution
		HideSolutionNode = FALSE
	EndGlobalSection
	GlobalSection(NestedProjects) = preSolution
		{9FCFF958-33B4-4BFD-A768-0E30195F3DA2} = {0AB3BF05-4346-4AA6-1389-037BE0695223}
		{34706B17-BE63-9618-6EC4-0AE84C74DF1C} = {0AB3BF05-4346-4AA6-1389-037BE0695223}
	EndGlobalSection
	GlobalSection(ExtensibilityGlobals) = postSolution
		SolutionGuid = {BA571B91-B67A-46AC-88F9-BAB7C01A235B}
	EndGlobalSection
EndGlobal
