{
  "version": 1,
  "dependencies": {
    "net10.0": {
      "Microsoft.Extensions.DependencyInjection": {
        "type": "Direct",
        "requested": "[10.0.0, )",
        "resolved": "10.0.0",
        "contentHash": "f0RBabswJq+gRu5a+hWIobrLWiUYPKMhCD9WO3sYBAdSy3FFH14LMvLVFZc2kPSCimBLxSuitUhsd6tb0TAY6A==",
        "dependencies": {
          "Microsoft.Extensions.DependencyInjection.Abstractions": "10.0.0"
        }
      },
      "Spectre.Console": {
        "type": "Direct",
        "requested": "[0.54.0, )",
        "resolved": "0.54.0",
        "contentHash": "StDXCFayfy0yB1xzUHT2tgEpV1/HFTiS4JgsAQS49EYTfMixSwwucaQs/bIOCwXjWwIQTMuxjUIxcB5XsJkFJA=="
      },
      "Spectre.Console.Analyzer": {
        "type": "Direct",
        "requested": "[1.0.0, )",
        "resolved": "1.0.0",
        "contentHash": "TojbwWASRf3PMUsotXa8MQ9SNwEwWZZ5bAYf1eLv+jiDsxaD/n7TKTi3da6z4+m8uZHri2i+BVRuLj5w+6j64Q=="
      },
      "Spectre.Console.Cli": {
        "type": "Direct",
        "requested": "[0.53.0, )",
        "resolved": "0.53.0",
        "contentHash": "9m26DC9IGMjA+qjlEtO2BsukmbymNvrXUtu5sh3sc2uCKHdawqVMwcnmiKO/bKKG0pHIzI1O/H2Qr/m2uh+rQw==",
        "dependencies": {
          "OpenCli.Sources": "0.5.0",
          "Spectre.Console": "0.53.0"
        }
      },
      "Microsoft.Extensions.DependencyInjection.Abstractions": {
        "type": "Transitive",
        "resolved": "10.0.0",
        "contentHash": "L3AdmZ1WOK4XXT5YFPEwyt0ep6l8lGIPs7F5OOBZc77Zqeo01Of7XXICy47628sdVl0v/owxYJTe86DTgFwKCA=="
      },
      "Namotion.Reflection": {
        "type": "Transitive",
        "resolved": "3.4.2",
        "contentHash": "ZHrvPdAg7zV78iOTiH9ua+34rBfn4iH6Bjfo2bzUHOGD3KkjGUvqxBFy+v9p6qwV+GEeYWl4NOqXH8tVcZOMpw=="
      },
      "Newtonsoft.Json": {
        "type": "Transitive",
        "resolved": "13.0.3",
        "contentHash": "HrC5BXdl00IP9zeV+0Z848QWPAoCr9P3bDEZguI+gkLcBKAOxix/tLEAAHC+UvDNPv4a2d18lOReHMOagPa+zQ=="
      },
      "NJsonSchema": {
        "type": "Transitive",
        "resolved": "11.4.0",
        "contentHash": "0q6mr6eJk/D4jPFKyRwAPauedZK60yFE5rjA3+aqCdQm9kGE9J8xygRrLfk0Ms8wBviWbLlaZYzqAteG3b6Yag==",
        "dependencies": {
          "NJsonSchema.Annotations": "11.4.0",
          "Namotion.Reflection": "3.4.2",
          "Newtonsoft.Json": "13.0.3"
        }
      },
      "NJsonSchema.Annotations": {
        "type": "Transitive",
        "resolved": "11.4.0",
        "contentHash": "fKAGyIU9s18e9GAdNbEr2PmZdpBqb1RdAr2+EHHrdkSZNoYtwFcmN6syJaxYxeEFegoLbC3e+EU5eb7Tt1ph3Q=="
      },
      "OpenCli.Sources": {
        "type": "Transitive",
        "resolved": "0.5.0",
        "contentHash": "5FgwoxpZy9Qy7MsKHb2hZBTWXEvg7JCPuNnaqsn2g0/X9oWQVThYQ1nND1xJrq8P1aw+Gh8sirV1HbefeqSalw==",
        "dependencies": {
          "NJsonSchema": "11.4.0"
        }
      },
      "UnitsNet": {
        "type": "Transitive",
        "resolved": "6.0.0-pre017",
        "contentHash": "5lEZuV9xcBNJYlRmo6/1s7x5eTza2Y92tgF5GTw2uv/ZDtnjduDP8Wq1KXfRIn3qiE0ojlYapd4morI/ZWSKGA=="
      },
      "dynamicevaluator": {
        "type": "Project",
        "dependencies": {
          "UnitsNet": "[6.0.0-pre017, )"
        }
      }
    }
  }
}