{
  "version": 1,
  "dependencies": {
    "net10.0": {
      "Microsoft.Extensions.DependencyInjection": {
        "type": "Direct",
        "requested": "[10.0.2, )",
        "resolved": "10.0.2",
        "contentHash": "J/Zmp6fY93JbaiZ11ckWvcyxMPjD6XVwIHQXBjryTBgn7O6O20HYg9uVLFcZlNfgH78MnreE/7EH+hjfzn7VyA==",
        "dependencies": {
          "Microsoft.Extensions.DependencyInjection.Abstractions": "10.0.2"
        }
      },
      "OxyPlot.Core": {
        "type": "Direct",
        "requested": "[2.2.0, )",
        "resolved": "2.2.0",
        "contentHash": "QhXNdXR5FPpro/VoLx3BOp6AhQo7YrbfmWEZ9cgY+pnYM7RYORZjnu+aDMA8ka9A1r8hLkX//NbCPZNUv+l8qA=="
      },
      "Spectre.Console": {
        "type": "Direct",
        "requested": "[0.54.0, )",
        "resolved": "0.54.0",
        "contentHash": "StDXCFayfy0yB1xzUHT2tgEpV1/HFTiS4JgsAQS49EYTfMixSwwucaQs/bIOCwXjWwIQTMuxjUIxcB5XsJkFJA=="
      },
      "Spectre.Console.Analyzer": {
        "type": "Direct",
        "requested": "[1.0.0, )",
        "resolved": "1.0.0",
        "contentHash": "TojbwWASRf3PMUsotXa8MQ9SNwEwWZZ5bAYf1eLv+jiDsxaD/n7TKTi3da6z4+m8uZHri2i+BVRuLj5w+6j64Q=="
      },
      "Spectre.Console.Cli": {
        "type": "Direct",
        "requested": "[0.53.1, )",
        "resolved": "0.53.1",
        "contentHash": "y//7ZZ0shhvgXzoJXJzMaLGA4dPem8qCbkyv9khfE8NQDlH4hPVsHOHYoz6uzAwiTX9Yd7OnX3wNOX/wRfPUOg==",
        "dependencies": {
          "Spectre.Console": "0.53.1"
        }
      },
      "Webmaster442.WindowsTerminal": {
        "type": "Direct",
        "requested": "[4.1.1, )",
        "resolved": "4.1.1",
        "contentHash": "0z1y6nFmpAhHP0x/aus62qIS+MDwntC8JYvkqEm5v9QyszzmyQG5Jp01a6FYacaXZ7CsvQgV7TzhA6G6p6MTSA=="
      },
      "Microsoft.Extensions.DependencyInjection.Abstractions": {
        "type": "Transitive",
        "resolved": "10.0.2",
        "contentHash": "zOIurr59+kUf9vNcsUkCvKWZv+fPosUZXURZesYkJCvl0EzTc9F7maAO4Cd2WEV7ZJJ0AZrFQvuH6Npph9wdBw=="
      },
      "UnitsNet": {
        "type": "Transitive",
        "resolved": "6.0.0-pre017",
        "contentHash": "5lEZuV9xcBNJYlRmo6/1s7x5eTza2Y92tgF5GTw2uv/ZDtnjduDP8Wq1KXfRIn3qiE0ojlYapd4morI/ZWSKGA=="
      },
      "dynamicevaluator": {
        "type": "Project",
        "dependencies": {
          "UnitsNet": "[6.0.0-pre017, )"
        }
      }
    }
  }
}